PODS:
  - Flutter (1.0.0)
  - native_video_player (1.0.0):
    - Flutter

DEPENDENCIES:
  - Flutter (from `Flutter`)
  - native_video_player (from `.symlinks/plugins/native_video_player/ios`)

EXTERNAL SOURCES:
  Flutter:
    :path: Flutter
  native_video_player:
    :path: ".symlinks/plugins/native_video_player/ios"

SPEC CHECKSUMS:
  Flutter: cabc95a1d2626b1b06e7179b784ebcf0c0cde467
  native_video_player: 88ff6cc9a7a528aba2d2fb4e73e2ea527c7a114e

PODFILE CHECKSUM: 3c63482e143d1b91d2d2560aee9fb04ecc74ac7e

COCOAPODS: 1.16.2
